
Microsoft Visual Studio Solution File, Format Version 12.00
# Visual Studio Version 17
VisualStudioVersion = 17.0.31903.59
MinimumVisualStudioVersion = 10.0.40219.1
Project("{F2A71F9B-5D33-465A-A702-920D77279786}") = "GitSwitchMain", "GitSwitchMain\GitSwitchMain.fsproj", "{D6D47CC9-CC23-4D6F-AC50-1C3E1431093B}"
EndProject
Project("{2150E333-8FDC-42A3-9474-1A3956D46DE8}") = ".build", ".build", "{6EBE01E1-FDD0-4F84-9981-C6F7D536B8B5}"
	ProjectSection(SolutionItems) = preProject
		.editorconfig = .editorconfig
		.gitignore = .gitignore
		paket.dependencies = paket.dependencies
		paket.lock = paket.lock
		README.md = README.md
		build.ps1 = build.ps1
	EndProjectSection
EndProject
Global
	GlobalSection(SolutionConfigurationPlatforms) = preSolution
		Debug|Any CPU = Debug|Any CPU
		Debug|x64 = Debug|x64
		Debug|x86 = Debug|x86
		Release|Any CPU = Release|Any CPU
		Release|x64 = Release|x64
		Release|x86 = Release|x86
	EndGlobalSection
	GlobalSection(ProjectConfigurationPlatforms) = postSolution
		{D6D47CC9-CC23-4D6F-AC50-1C3E1431093B}.Debug|Any CPU.ActiveCfg = Debug|Any CPU
		{D6D47CC9-CC23-4D6F-AC50-1C3E1431093B}.Debug|Any CPU.Build.0 = Debug|Any CPU
		{D6D47CC9-CC23-4D6F-AC50-1C3E1431093B}.Debug|x64.ActiveCfg = Debug|Any CPU
		{D6D47CC9-CC23-4D6F-AC50-1C3E1431093B}.Debug|x64.Build.0 = Debug|Any CPU
		{D6D47CC9-CC23-4D6F-AC50-1C3E1431093B}.Debug|x86.ActiveCfg = Debug|Any CPU
		{D6D47CC9-CC23-4D6F-AC50-1C3E1431093B}.Debug|x86.Build.0 = Debug|Any CPU
		{D6D47CC9-CC23-4D6F-AC50-1C3E1431093B}.Release|Any CPU.ActiveCfg = Release|Any CPU
		{D6D47CC9-CC23-4D6F-AC50-1C3E1431093B}.Release|Any CPU.Build.0 = Release|Any CPU
		{D6D47CC9-CC23-4D6F-AC50-1C3E1431093B}.Release|x64.ActiveCfg = Release|Any CPU
		{D6D47CC9-CC23-4D6F-AC50-1C3E1431093B}.Release|x64.Build.0 = Release|Any CPU
		{D6D47CC9-CC23-4D6F-AC50-1C3E1431093B}.Release|x86.ActiveCfg = Release|Any CPU
		{D6D47CC9-CC23-4D6F-AC50-1C3E1431093B}.Release|x86.Build.0 = Release|Any CPU
	EndGlobalSection
	GlobalSection(SolutionProperties) = preSolution
		HideSolutionNode = FALSE
	EndGlobalSection
EndGlobal
